<?xml version="1.0" encoding="utf-8"?>
<Project ToolsVersion="16.0" xmlns="http://schemas.microsoft.com/developer/msbuild/2003">
  <ItemGroup>
    <ClCompile Include="C:\Users\wenbl13\Desktop\logan_reg\libs\niftyReg\niftyreg-git\reg-lib\AladinContent.cpp">
      <Filter>Source Files</Filter>
    </ClCompile>
    <ClCompile Include="C:\Users\wenbl13\Desktop\logan_reg\libs\niftyReg\niftyreg-git\reg-lib\Platform.cpp">
      <Filter>Source Files</Filter>
    </ClCompile>
    <ClCompile Include="C:\Users\wenbl13\Desktop\logan_reg\libs\niftyReg\niftyreg-git\reg-lib\cpu\CPUAffineDeformationFieldKernel.cpp">
      <Filter>Source Files</Filter>
    </ClCompile>
    <ClCompile Include="C:\Users\wenbl13\Desktop\logan_reg\libs\niftyReg\niftyreg-git\reg-lib\cpu\CPUBlockMatchingKernel.cpp">
      <Filter>Source Files</Filter>
    </ClCompile>
    <ClCompile Include="C:\Users\wenbl13\Desktop\logan_reg\libs\niftyReg\niftyreg-git\reg-lib\cpu\CPUConvolutionKernel.cpp">
      <Filter>Source Files</Filter>
    </ClCompile>
    <ClCompile Include="C:\Users\wenbl13\Desktop\logan_reg\libs\niftyReg\niftyreg-git\reg-lib\cpu\CPUOptimiseKernel.cpp">
      <Filter>Source Files</Filter>
    </ClCompile>
    <ClCompile Include="C:\Users\wenbl13\Desktop\logan_reg\libs\niftyReg\niftyreg-git\reg-lib\cpu\CPUResampleImageKernel.cpp">
      <Filter>Source Files</Filter>
    </ClCompile>
    <ClCompile Include="C:\Users\wenbl13\Desktop\logan_reg\libs\niftyReg\niftyreg-git\reg-lib\cpu\CPUKernelFactory.cpp">
      <Filter>Source Files</Filter>
    </ClCompile>
  </ItemGroup>
  <ItemGroup>
    <ClInclude Include="C:\Users\wenbl13\Desktop\logan_reg\libs\niftyReg\niftyreg-git\reg-lib\AladinContent.h">
      <Filter>Header Files</Filter>
    </ClInclude>
    <ClInclude Include="C:\Users\wenbl13\Desktop\logan_reg\libs\niftyReg\niftyreg-git\reg-lib\Platform.h">
      <Filter>Header Files</Filter>
    </ClInclude>
    <ClInclude Include="C:\Users\wenbl13\Desktop\logan_reg\libs\niftyReg\niftyreg-git\reg-lib\Kernel.h">
      <Filter>Header Files</Filter>
    </ClInclude>
    <ClInclude Include="C:\Users\wenbl13\Desktop\logan_reg\libs\niftyReg\niftyreg-git\reg-lib\cpu\CPUAffineDeformationFieldKernel.h">
      <Filter>Header Files</Filter>
    </ClInclude>
    <ClInclude Include="C:\Users\wenbl13\Desktop\logan_reg\libs\niftyReg\niftyreg-git\reg-lib\cpu\CPUBlockMatchingKernel.h">
      <Filter>Header Files</Filter>
    </ClInclude>
    <ClInclude Include="C:\Users\wenbl13\Desktop\logan_reg\libs\niftyReg\niftyreg-git\reg-lib\cpu\CPUConvolutionKernel.h">
      <Filter>Header Files</Filter>
    </ClInclude>
    <ClInclude Include="C:\Users\wenbl13\Desktop\logan_reg\libs\niftyReg\niftyreg-git\reg-lib\cpu\CPUOptimiseKernel.h">
      <Filter>Header Files</Filter>
    </ClInclude>
    <ClInclude Include="C:\Users\wenbl13\Desktop\logan_reg\libs\niftyReg\niftyreg-git\reg-lib\cpu\CPUResampleImageKernel.h">
      <Filter>Header Files</Filter>
    </ClInclude>
    <ClInclude Include="C:\Users\wenbl13\Desktop\logan_reg\libs\niftyReg\niftyreg-git\reg-lib\cpu\CPUKernelFactory.h">
      <Filter>Header Files</Filter>
    </ClInclude>
  </ItemGroup>
  <ItemGroup>
    <CustomBuild Include="C:\Users\wenbl13\Desktop\logan_reg\libs\niftyReg\niftyreg-git\reg-lib\CMakeLists.txt" />
  </ItemGroup>
  <ItemGroup>
    <Filter Include="Header Files">
      <UniqueIdentifier>{3106DD08-4A31-35FE-8323-E0727F493481}</UniqueIdentifier>
    </Filter>
    <Filter Include="Source Files">
      <UniqueIdentifier>{1418F92B-A86E-3947-BB26-AD07A0B66920}</UniqueIdentifier>
    </Filter>
  </ItemGroup>
</Project>
