<?xml version="1.0" encoding="utf-8"?>
<Project ToolsVersion="16.0" xmlns="http://schemas.microsoft.com/developer/msbuild/2003">
  <ItemGroup>
    <ClCompile Include="C:\Users\wenbl13\Desktop\logan_reg\libs\niftyReg\niftyreg-git\reg-io\png\lpng1510\png.c">
      <Filter>Source Files</Filter>
    </ClCompile>
    <ClCompile Include="C:\Users\wenbl13\Desktop\logan_reg\libs\niftyReg\niftyreg-git\reg-io\png\lpng1510\pngerror.c">
      <Filter>Source Files</Filter>
    </ClCompile>
    <ClCompile Include="C:\Users\wenbl13\Desktop\logan_reg\libs\niftyReg\niftyreg-git\reg-io\png\lpng1510\pngget.c">
      <Filter>Source Files</Filter>
    </ClCompile>
    <ClCompile Include="C:\Users\wenbl13\Desktop\logan_reg\libs\niftyReg\niftyreg-git\reg-io\png\lpng1510\pngmem.c">
      <Filter>Source Files</Filter>
    </ClCompile>
    <ClCompile Include="C:\Users\wenbl13\Desktop\logan_reg\libs\niftyReg\niftyreg-git\reg-io\png\lpng1510\pngpread.c">
      <Filter>Source Files</Filter>
    </ClCompile>
    <ClCompile Include="C:\Users\wenbl13\Desktop\logan_reg\libs\niftyReg\niftyreg-git\reg-io\png\lpng1510\pngread.c">
      <Filter>Source Files</Filter>
    </ClCompile>
    <ClCompile Include="C:\Users\wenbl13\Desktop\logan_reg\libs\niftyReg\niftyreg-git\reg-io\png\lpng1510\pngrio.c">
      <Filter>Source Files</Filter>
    </ClCompile>
    <ClCompile Include="C:\Users\wenbl13\Desktop\logan_reg\libs\niftyReg\niftyreg-git\reg-io\png\lpng1510\pngrtran.c">
      <Filter>Source Files</Filter>
    </ClCompile>
    <ClCompile Include="C:\Users\wenbl13\Desktop\logan_reg\libs\niftyReg\niftyreg-git\reg-io\png\lpng1510\pngrutil.c">
      <Filter>Source Files</Filter>
    </ClCompile>
    <ClCompile Include="C:\Users\wenbl13\Desktop\logan_reg\libs\niftyReg\niftyreg-git\reg-io\png\lpng1510\pngset.c">
      <Filter>Source Files</Filter>
    </ClCompile>
    <ClCompile Include="C:\Users\wenbl13\Desktop\logan_reg\libs\niftyReg\niftyreg-git\reg-io\png\lpng1510\pngtrans.c">
      <Filter>Source Files</Filter>
    </ClCompile>
    <ClCompile Include="C:\Users\wenbl13\Desktop\logan_reg\libs\niftyReg\niftyreg-git\reg-io\png\lpng1510\pngwio.c">
      <Filter>Source Files</Filter>
    </ClCompile>
    <ClCompile Include="C:\Users\wenbl13\Desktop\logan_reg\libs\niftyReg\niftyreg-git\reg-io\png\lpng1510\pngwrite.c">
      <Filter>Source Files</Filter>
    </ClCompile>
    <ClCompile Include="C:\Users\wenbl13\Desktop\logan_reg\libs\niftyReg\niftyreg-git\reg-io\png\lpng1510\pngwtran.c">
      <Filter>Source Files</Filter>
    </ClCompile>
    <ClCompile Include="C:\Users\wenbl13\Desktop\logan_reg\libs\niftyReg\niftyreg-git\reg-io\png\lpng1510\pngwutil.c">
      <Filter>Source Files</Filter>
    </ClCompile>
  </ItemGroup>
  <ItemGroup>
    <ClInclude Include="C:\Users\wenbl13\Desktop\logan_reg\libs\niftyReg\niftyreg-git\reg-io\png\lpng1510\png.h">
      <Filter>Header Files</Filter>
    </ClInclude>
    <ClInclude Include="C:\Users\wenbl13\Desktop\logan_reg\libs\niftyReg\niftyreg-git\reg-io\png\lpng1510\pngconf.h">
      <Filter>Header Files</Filter>
    </ClInclude>
    <ClInclude Include="C:\Users\wenbl13\Desktop\logan_reg\libs\niftyReg\niftyreg-git\reg-io\png\lpng1510\pngdebug.h">
      <Filter>Header Files</Filter>
    </ClInclude>
    <ClInclude Include="C:\Users\wenbl13\Desktop\logan_reg\libs\niftyReg\niftyreg-git\reg-io\png\lpng1510\pnginfo.h">
      <Filter>Header Files</Filter>
    </ClInclude>
    <ClInclude Include="C:\Users\wenbl13\Desktop\logan_reg\libs\niftyReg\niftyreg-git\reg-io\png\lpng1510\pngpriv.h">
      <Filter>Header Files</Filter>
    </ClInclude>
    <ClInclude Include="C:\Users\wenbl13\Desktop\logan_reg\libs\niftyReg\niftyreg-git\reg-io\png\lpng1510\pngstruct.h">
      <Filter>Header Files</Filter>
    </ClInclude>
  </ItemGroup>
  <ItemGroup>
    <CustomBuild Include="C:\Users\wenbl13\Desktop\logan_reg\libs\niftyReg\niftyreg-git\reg-io\png\CMakeLists.txt" />
  </ItemGroup>
  <ItemGroup>
    <Filter Include="Header Files">
      <UniqueIdentifier>{3106DD08-4A31-35FE-8323-E0727F493481}</UniqueIdentifier>
    </Filter>
    <Filter Include="Source Files">
      <UniqueIdentifier>{1418F92B-A86E-3947-BB26-AD07A0B66920}</UniqueIdentifier>
    </Filter>
  </ItemGroup>
</Project>
