
Microsoft Visual Studio Solution File, Format Version 12.00
# Visual Studio Version 16
Project("{8BC9CEB8-8B4A-11D0-8D11-00A0C91BC942}") = "ALL_BUILD", "ALL_BUILD.vcxproj", "{4B7F202A-6697-3759-AF71-9622938FADB3}"
	ProjectSection(ProjectDependencies) = postProject
		{292A78CA-42AA-3434-8A09-D277EDB6D7FF} = {292A78CA-42AA-3434-8A09-D277EDB6D7FF}
		{2F6BAD73-82D3-3FAC-BBA8-B8EB163D6166} = {2F6BAD73-82D3-3FAC-BBA8-B8EB163D6166}
		{9B296324-4516-3696-B361-10E601AEFDB5} = {9B296324-4516-3696-B361-10E601AEFDB5}
		{A2C1EEB8-1AD9-3F27-BE72-0AB9FD345D85} = {A2C1EEB8-1AD9-3F27-BE72-0AB9FD345D85}
		{9ACE7441-CAF4-3999-B13C-D62A30197CE3} = {9ACE7441-CAF4-3999-B13C-D62A30197CE3}
		{52E8077D-EE76-3B2F-918B-741DFA9C887C} = {52E8077D-EE76-3B2F-918B-741DFA9C887C}
		{F87462D6-4A77-3C0E-A43D-18C6AC447608} = {F87462D6-4A77-3C0E-A43D-18C6AC447608}
		{838AAC08-A38E-3DE2-9F21-3E1213DBC523} = {838AAC08-A38E-3DE2-9F21-3E1213DBC523}
		{E59838C9-4441-34E2-B3C3-BD8DF11C6FF5} = {E59838C9-4441-34E2-B3C3-BD8DF11C6FF5}
		{89C5AFBD-7B86-3C4F-A1E4-4C7EAD36E446} = {89C5AFBD-7B86-3C4F-A1E4-4C7EAD36E446}
		{E4A17C06-0FB2-36A9-9A02-B54ED96BEB53} = {E4A17C06-0FB2-36A9-9A02-B54ED96BEB53}
		{B6F346E6-36B4-3DAB-B177-FB2F23DBFF1F} = {B6F346E6-36B4-3DAB-B177-FB2F23DBFF1F}
		{BDD20FBE-843A-322D-B16E-8CAD2D0ED3FF} = {BDD20FBE-843A-322D-B16E-8CAD2D0ED3FF}
		{5A0A9014-408A-338D-801D-57230894C9C4} = {5A0A9014-408A-338D-801D-57230894C9C4}
		{643330A0-679D-3A56-A351-310D882E627F} = {643330A0-679D-3A56-A351-310D882E627F}
		{42209069-870F-3F6D-A074-587DC887F14C} = {42209069-870F-3F6D-A074-587DC887F14C}
		{917035E0-7B78-303E-A93E-E5412E823E75} = {917035E0-7B78-303E-A93E-E5412E823E75}
		{8FF8E6F2-92F1-3D22-A063-EB604353378A} = {8FF8E6F2-92F1-3D22-A063-EB604353378A}
		{6DE74F4A-62FC-3A77-9309-DEF35D107B2F} = {6DE74F4A-62FC-3A77-9309-DEF35D107B2F}
		{F1746AE3-53ED-363D-A1D9-E0AA1687C653} = {F1746AE3-53ED-363D-A1D9-E0AA1687C653}
		{C64CA830-7524-34BC-8A6D-AFCBCF2E2993} = {C64CA830-7524-34BC-8A6D-AFCBCF2E2993}
		{99B9F47B-7DE5-3E1C-A368-7FE0A04E5599} = {99B9F47B-7DE5-3E1C-A368-7FE0A04E5599}
		{E5F1CD93-B323-30D6-9A8C-1149E5BBFF20} = {E5F1CD93-B323-30D6-9A8C-1149E5BBFF20}
		{4F788E60-A642-3409-8B5B-B65F2124E233} = {4F788E60-A642-3409-8B5B-B65F2124E233}
		{8E8CC613-D978-30FD-B642-8D1113A47217} = {8E8CC613-D978-30FD-B642-8D1113A47217}
		{D5B6AE9E-2911-3C12-B31E-4D0A30492575} = {D5B6AE9E-2911-3C12-B31E-4D0A30492575}
		{09E60516-72BB-3BDB-8060-B124A5764E42} = {09E60516-72BB-3BDB-8060-B124A5764E42}
		{B2682B39-6B86-3F1C-8C3B-F6CE1C3101F5} = {B2682B39-6B86-3F1C-8C3B-F6CE1C3101F5}
	EndProjectSection
EndProject
Project("{8BC9CEB8-8B4A-11D0-8D11-00A0C91BC942}") = "INSTALL", "INSTALL.vcxproj", "{BB92D337-7BC2-38BD-8A8C-CC9D04812E55}"
	ProjectSection(ProjectDependencies) = postProject
		{4B7F202A-6697-3759-AF71-9622938FADB3} = {4B7F202A-6697-3759-AF71-9622938FADB3}
		{292A78CA-42AA-3434-8A09-D277EDB6D7FF} = {292A78CA-42AA-3434-8A09-D277EDB6D7FF}
	EndProjectSection
EndProject
Project("{8BC9CEB8-8B4A-11D0-8D11-00A0C91BC942}") = "ZERO_CHECK", "ZERO_CHECK.vcxproj", "{292A78CA-42AA-3434-8A09-D277EDB6D7FF}"
	ProjectSection(ProjectDependencies) = postProject
	EndProjectSection
EndProject
Project("{8BC9CEB8-8B4A-11D0-8D11-00A0C91BC942}") = "_reg_ReadWriteImage", "reg-io\_reg_ReadWriteImage.vcxproj", "{2F6BAD73-82D3-3FAC-BBA8-B8EB163D6166}"
	ProjectSection(ProjectDependencies) = postProject
		{292A78CA-42AA-3434-8A09-D277EDB6D7FF} = {292A78CA-42AA-3434-8A09-D277EDB6D7FF}
		{B6F346E6-36B4-3DAB-B177-FB2F23DBFF1F} = {B6F346E6-36B4-3DAB-B177-FB2F23DBFF1F}
		{643330A0-679D-3A56-A351-310D882E627F} = {643330A0-679D-3A56-A351-310D882E627F}
		{42209069-870F-3F6D-A074-587DC887F14C} = {42209069-870F-3F6D-A074-587DC887F14C}
		{E5F1CD93-B323-30D6-9A8C-1149E5BBFF20} = {E5F1CD93-B323-30D6-9A8C-1149E5BBFF20}
		{4F788E60-A642-3409-8B5B-B65F2124E233} = {4F788E60-A642-3409-8B5B-B65F2124E233}
		{B2682B39-6B86-3F1C-8C3B-F6CE1C3101F5} = {B2682B39-6B86-3F1C-8C3B-F6CE1C3101F5}
	EndProjectSection
EndProject
Project("{8BC9CEB8-8B4A-11D0-8D11-00A0C91BC942}") = "_reg_aladin", "reg-lib\_reg_aladin.vcxproj", "{9B296324-4516-3696-B361-10E601AEFDB5}"
	ProjectSection(ProjectDependencies) = postProject
		{292A78CA-42AA-3434-8A09-D277EDB6D7FF} = {292A78CA-42AA-3434-8A09-D277EDB6D7FF}
		{2F6BAD73-82D3-3FAC-BBA8-B8EB163D6166} = {2F6BAD73-82D3-3FAC-BBA8-B8EB163D6166}
		{A2C1EEB8-1AD9-3F27-BE72-0AB9FD345D85} = {A2C1EEB8-1AD9-3F27-BE72-0AB9FD345D85}
		{9ACE7441-CAF4-3999-B13C-D62A30197CE3} = {9ACE7441-CAF4-3999-B13C-D62A30197CE3}
		{52E8077D-EE76-3B2F-918B-741DFA9C887C} = {52E8077D-EE76-3B2F-918B-741DFA9C887C}
		{89C5AFBD-7B86-3C4F-A1E4-4C7EAD36E446} = {89C5AFBD-7B86-3C4F-A1E4-4C7EAD36E446}
		{E4A17C06-0FB2-36A9-9A02-B54ED96BEB53} = {E4A17C06-0FB2-36A9-9A02-B54ED96BEB53}
		{B6F346E6-36B4-3DAB-B177-FB2F23DBFF1F} = {B6F346E6-36B4-3DAB-B177-FB2F23DBFF1F}
		{5A0A9014-408A-338D-801D-57230894C9C4} = {5A0A9014-408A-338D-801D-57230894C9C4}
		{643330A0-679D-3A56-A351-310D882E627F} = {643330A0-679D-3A56-A351-310D882E627F}
		{42209069-870F-3F6D-A074-587DC887F14C} = {42209069-870F-3F6D-A074-587DC887F14C}
		{E5F1CD93-B323-30D6-9A8C-1149E5BBFF20} = {E5F1CD93-B323-30D6-9A8C-1149E5BBFF20}
		{4F788E60-A642-3409-8B5B-B65F2124E233} = {4F788E60-A642-3409-8B5B-B65F2124E233}
		{B2682B39-6B86-3F1C-8C3B-F6CE1C3101F5} = {B2682B39-6B86-3F1C-8C3B-F6CE1C3101F5}
	EndProjectSection
EndProject
Project("{8BC9CEB8-8B4A-11D0-8D11-00A0C91BC942}") = "_reg_blockMatching", "reg-lib\_reg_blockMatching.vcxproj", "{A2C1EEB8-1AD9-3F27-BE72-0AB9FD345D85}"
	ProjectSection(ProjectDependencies) = postProject
		{292A78CA-42AA-3434-8A09-D277EDB6D7FF} = {292A78CA-42AA-3434-8A09-D277EDB6D7FF}
		{89C5AFBD-7B86-3C4F-A1E4-4C7EAD36E446} = {89C5AFBD-7B86-3C4F-A1E4-4C7EAD36E446}
		{B6F346E6-36B4-3DAB-B177-FB2F23DBFF1F} = {B6F346E6-36B4-3DAB-B177-FB2F23DBFF1F}
		{643330A0-679D-3A56-A351-310D882E627F} = {643330A0-679D-3A56-A351-310D882E627F}
		{E5F1CD93-B323-30D6-9A8C-1149E5BBFF20} = {E5F1CD93-B323-30D6-9A8C-1149E5BBFF20}
		{B2682B39-6B86-3F1C-8C3B-F6CE1C3101F5} = {B2682B39-6B86-3F1C-8C3B-F6CE1C3101F5}
	EndProjectSection
EndProject
Project("{8BC9CEB8-8B4A-11D0-8D11-00A0C91BC942}") = "_reg_common_cuda", "reg-lib\cuda\_reg_common_cuda.vcxproj", "{9ACE7441-CAF4-3999-B13C-D62A30197CE3}"
	ProjectSection(ProjectDependencies) = postProject
		{292A78CA-42AA-3434-8A09-D277EDB6D7FF} = {292A78CA-42AA-3434-8A09-D277EDB6D7FF}
	EndProjectSection
EndProject
Project("{8BC9CEB8-8B4A-11D0-8D11-00A0C91BC942}") = "_reg_cuda_kernels", "reg-lib\cuda\_reg_cuda_kernels.vcxproj", "{52E8077D-EE76-3B2F-918B-741DFA9C887C}"
	ProjectSection(ProjectDependencies) = postProject
		{292A78CA-42AA-3434-8A09-D277EDB6D7FF} = {292A78CA-42AA-3434-8A09-D277EDB6D7FF}
		{9ACE7441-CAF4-3999-B13C-D62A30197CE3} = {9ACE7441-CAF4-3999-B13C-D62A30197CE3}
	EndProjectSection
EndProject
Project("{8BC9CEB8-8B4A-11D0-8D11-00A0C91BC942}") = "_reg_cudainfo", "reg-lib\cuda\_reg_cudainfo.vcxproj", "{F87462D6-4A77-3C0E-A43D-18C6AC447608}"
	ProjectSection(ProjectDependencies) = postProject
		{292A78CA-42AA-3434-8A09-D277EDB6D7FF} = {292A78CA-42AA-3434-8A09-D277EDB6D7FF}
		{9ACE7441-CAF4-3999-B13C-D62A30197CE3} = {9ACE7441-CAF4-3999-B13C-D62A30197CE3}
	EndProjectSection
EndProject
Project("{8BC9CEB8-8B4A-11D0-8D11-00A0C91BC942}") = "_reg_f3d", "reg-lib\_reg_f3d.vcxproj", "{838AAC08-A38E-3DE2-9F21-3E1213DBC523}"
	ProjectSection(ProjectDependencies) = postProject
		{292A78CA-42AA-3434-8A09-D277EDB6D7FF} = {292A78CA-42AA-3434-8A09-D277EDB6D7FF}
		{2F6BAD73-82D3-3FAC-BBA8-B8EB163D6166} = {2F6BAD73-82D3-3FAC-BBA8-B8EB163D6166}
		{89C5AFBD-7B86-3C4F-A1E4-4C7EAD36E446} = {89C5AFBD-7B86-3C4F-A1E4-4C7EAD36E446}
		{E4A17C06-0FB2-36A9-9A02-B54ED96BEB53} = {E4A17C06-0FB2-36A9-9A02-B54ED96BEB53}
		{B6F346E6-36B4-3DAB-B177-FB2F23DBFF1F} = {B6F346E6-36B4-3DAB-B177-FB2F23DBFF1F}
		{BDD20FBE-843A-322D-B16E-8CAD2D0ED3FF} = {BDD20FBE-843A-322D-B16E-8CAD2D0ED3FF}
		{5A0A9014-408A-338D-801D-57230894C9C4} = {5A0A9014-408A-338D-801D-57230894C9C4}
		{643330A0-679D-3A56-A351-310D882E627F} = {643330A0-679D-3A56-A351-310D882E627F}
		{42209069-870F-3F6D-A074-587DC887F14C} = {42209069-870F-3F6D-A074-587DC887F14C}
		{E5F1CD93-B323-30D6-9A8C-1149E5BBFF20} = {E5F1CD93-B323-30D6-9A8C-1149E5BBFF20}
		{4F788E60-A642-3409-8B5B-B65F2124E233} = {4F788E60-A642-3409-8B5B-B65F2124E233}
		{B2682B39-6B86-3F1C-8C3B-F6CE1C3101F5} = {B2682B39-6B86-3F1C-8C3B-F6CE1C3101F5}
	EndProjectSection
EndProject
Project("{8BC9CEB8-8B4A-11D0-8D11-00A0C91BC942}") = "_reg_femTrans", "reg-lib\_reg_femTrans.vcxproj", "{E59838C9-4441-34E2-B3C3-BD8DF11C6FF5}"
	ProjectSection(ProjectDependencies) = postProject
		{292A78CA-42AA-3434-8A09-D277EDB6D7FF} = {292A78CA-42AA-3434-8A09-D277EDB6D7FF}
		{89C5AFBD-7B86-3C4F-A1E4-4C7EAD36E446} = {89C5AFBD-7B86-3C4F-A1E4-4C7EAD36E446}
		{B6F346E6-36B4-3DAB-B177-FB2F23DBFF1F} = {B6F346E6-36B4-3DAB-B177-FB2F23DBFF1F}
		{643330A0-679D-3A56-A351-310D882E627F} = {643330A0-679D-3A56-A351-310D882E627F}
		{E5F1CD93-B323-30D6-9A8C-1149E5BBFF20} = {E5F1CD93-B323-30D6-9A8C-1149E5BBFF20}
		{B2682B39-6B86-3F1C-8C3B-F6CE1C3101F5} = {B2682B39-6B86-3F1C-8C3B-F6CE1C3101F5}
	EndProjectSection
EndProject
Project("{8BC9CEB8-8B4A-11D0-8D11-00A0C91BC942}") = "_reg_globalTrans", "reg-lib\_reg_globalTrans.vcxproj", "{89C5AFBD-7B86-3C4F-A1E4-4C7EAD36E446}"
	ProjectSection(ProjectDependencies) = postProject
		{292A78CA-42AA-3434-8A09-D277EDB6D7FF} = {292A78CA-42AA-3434-8A09-D277EDB6D7FF}
		{B6F346E6-36B4-3DAB-B177-FB2F23DBFF1F} = {B6F346E6-36B4-3DAB-B177-FB2F23DBFF1F}
		{643330A0-679D-3A56-A351-310D882E627F} = {643330A0-679D-3A56-A351-310D882E627F}
		{E5F1CD93-B323-30D6-9A8C-1149E5BBFF20} = {E5F1CD93-B323-30D6-9A8C-1149E5BBFF20}
		{B2682B39-6B86-3F1C-8C3B-F6CE1C3101F5} = {B2682B39-6B86-3F1C-8C3B-F6CE1C3101F5}
	EndProjectSection
EndProject
Project("{8BC9CEB8-8B4A-11D0-8D11-00A0C91BC942}") = "_reg_localTrans", "reg-lib\_reg_localTrans.vcxproj", "{E4A17C06-0FB2-36A9-9A02-B54ED96BEB53}"
	ProjectSection(ProjectDependencies) = postProject
		{292A78CA-42AA-3434-8A09-D277EDB6D7FF} = {292A78CA-42AA-3434-8A09-D277EDB6D7FF}
		{89C5AFBD-7B86-3C4F-A1E4-4C7EAD36E446} = {89C5AFBD-7B86-3C4F-A1E4-4C7EAD36E446}
		{B6F346E6-36B4-3DAB-B177-FB2F23DBFF1F} = {B6F346E6-36B4-3DAB-B177-FB2F23DBFF1F}
		{643330A0-679D-3A56-A351-310D882E627F} = {643330A0-679D-3A56-A351-310D882E627F}
		{E5F1CD93-B323-30D6-9A8C-1149E5BBFF20} = {E5F1CD93-B323-30D6-9A8C-1149E5BBFF20}
		{B2682B39-6B86-3F1C-8C3B-F6CE1C3101F5} = {B2682B39-6B86-3F1C-8C3B-F6CE1C3101F5}
	EndProjectSection
EndProject
Project("{8BC9CEB8-8B4A-11D0-8D11-00A0C91BC942}") = "_reg_maths", "reg-lib\_reg_maths.vcxproj", "{B6F346E6-36B4-3DAB-B177-FB2F23DBFF1F}"
	ProjectSection(ProjectDependencies) = postProject
		{292A78CA-42AA-3434-8A09-D277EDB6D7FF} = {292A78CA-42AA-3434-8A09-D277EDB6D7FF}
	EndProjectSection
EndProject
Project("{8BC9CEB8-8B4A-11D0-8D11-00A0C91BC942}") = "_reg_measure", "reg-lib\_reg_measure.vcxproj", "{BDD20FBE-843A-322D-B16E-8CAD2D0ED3FF}"
	ProjectSection(ProjectDependencies) = postProject
		{292A78CA-42AA-3434-8A09-D277EDB6D7FF} = {292A78CA-42AA-3434-8A09-D277EDB6D7FF}
		{89C5AFBD-7B86-3C4F-A1E4-4C7EAD36E446} = {89C5AFBD-7B86-3C4F-A1E4-4C7EAD36E446}
		{B6F346E6-36B4-3DAB-B177-FB2F23DBFF1F} = {B6F346E6-36B4-3DAB-B177-FB2F23DBFF1F}
		{5A0A9014-408A-338D-801D-57230894C9C4} = {5A0A9014-408A-338D-801D-57230894C9C4}
		{643330A0-679D-3A56-A351-310D882E627F} = {643330A0-679D-3A56-A351-310D882E627F}
		{E5F1CD93-B323-30D6-9A8C-1149E5BBFF20} = {E5F1CD93-B323-30D6-9A8C-1149E5BBFF20}
		{B2682B39-6B86-3F1C-8C3B-F6CE1C3101F5} = {B2682B39-6B86-3F1C-8C3B-F6CE1C3101F5}
	EndProjectSection
EndProject
Project("{8BC9CEB8-8B4A-11D0-8D11-00A0C91BC942}") = "_reg_resampling", "reg-lib\_reg_resampling.vcxproj", "{5A0A9014-408A-338D-801D-57230894C9C4}"
	ProjectSection(ProjectDependencies) = postProject
		{292A78CA-42AA-3434-8A09-D277EDB6D7FF} = {292A78CA-42AA-3434-8A09-D277EDB6D7FF}
		{89C5AFBD-7B86-3C4F-A1E4-4C7EAD36E446} = {89C5AFBD-7B86-3C4F-A1E4-4C7EAD36E446}
		{B6F346E6-36B4-3DAB-B177-FB2F23DBFF1F} = {B6F346E6-36B4-3DAB-B177-FB2F23DBFF1F}
		{643330A0-679D-3A56-A351-310D882E627F} = {643330A0-679D-3A56-A351-310D882E627F}
		{E5F1CD93-B323-30D6-9A8C-1149E5BBFF20} = {E5F1CD93-B323-30D6-9A8C-1149E5BBFF20}
		{B2682B39-6B86-3F1C-8C3B-F6CE1C3101F5} = {B2682B39-6B86-3F1C-8C3B-F6CE1C3101F5}
	EndProjectSection
EndProject
Project("{8BC9CEB8-8B4A-11D0-8D11-00A0C91BC942}") = "_reg_tools", "reg-lib\_reg_tools.vcxproj", "{643330A0-679D-3A56-A351-310D882E627F}"
	ProjectSection(ProjectDependencies) = postProject
		{292A78CA-42AA-3434-8A09-D277EDB6D7FF} = {292A78CA-42AA-3434-8A09-D277EDB6D7FF}
		{B6F346E6-36B4-3DAB-B177-FB2F23DBFF1F} = {B6F346E6-36B4-3DAB-B177-FB2F23DBFF1F}
		{E5F1CD93-B323-30D6-9A8C-1149E5BBFF20} = {E5F1CD93-B323-30D6-9A8C-1149E5BBFF20}
		{B2682B39-6B86-3F1C-8C3B-F6CE1C3101F5} = {B2682B39-6B86-3F1C-8C3B-F6CE1C3101F5}
	EndProjectSection
EndProject
Project("{8BC9CEB8-8B4A-11D0-8D11-00A0C91BC942}") = "png", "reg-io\png\png.vcxproj", "{42209069-870F-3F6D-A074-587DC887F14C}"
	ProjectSection(ProjectDependencies) = postProject
		{292A78CA-42AA-3434-8A09-D277EDB6D7FF} = {292A78CA-42AA-3434-8A09-D277EDB6D7FF}
		{B2682B39-6B86-3F1C-8C3B-F6CE1C3101F5} = {B2682B39-6B86-3F1C-8C3B-F6CE1C3101F5}
	EndProjectSection
EndProject
Project("{8BC9CEB8-8B4A-11D0-8D11-00A0C91BC942}") = "reg_aladin", "reg-apps\reg_aladin.vcxproj", "{917035E0-7B78-303E-A93E-E5412E823E75}"
	ProjectSection(ProjectDependencies) = postProject
		{292A78CA-42AA-3434-8A09-D277EDB6D7FF} = {292A78CA-42AA-3434-8A09-D277EDB6D7FF}
		{2F6BAD73-82D3-3FAC-BBA8-B8EB163D6166} = {2F6BAD73-82D3-3FAC-BBA8-B8EB163D6166}
		{9B296324-4516-3696-B361-10E601AEFDB5} = {9B296324-4516-3696-B361-10E601AEFDB5}
		{A2C1EEB8-1AD9-3F27-BE72-0AB9FD345D85} = {A2C1EEB8-1AD9-3F27-BE72-0AB9FD345D85}
		{9ACE7441-CAF4-3999-B13C-D62A30197CE3} = {9ACE7441-CAF4-3999-B13C-D62A30197CE3}
		{52E8077D-EE76-3B2F-918B-741DFA9C887C} = {52E8077D-EE76-3B2F-918B-741DFA9C887C}
		{89C5AFBD-7B86-3C4F-A1E4-4C7EAD36E446} = {89C5AFBD-7B86-3C4F-A1E4-4C7EAD36E446}
		{E4A17C06-0FB2-36A9-9A02-B54ED96BEB53} = {E4A17C06-0FB2-36A9-9A02-B54ED96BEB53}
		{B6F346E6-36B4-3DAB-B177-FB2F23DBFF1F} = {B6F346E6-36B4-3DAB-B177-FB2F23DBFF1F}
		{5A0A9014-408A-338D-801D-57230894C9C4} = {5A0A9014-408A-338D-801D-57230894C9C4}
		{643330A0-679D-3A56-A351-310D882E627F} = {643330A0-679D-3A56-A351-310D882E627F}
		{42209069-870F-3F6D-A074-587DC887F14C} = {42209069-870F-3F6D-A074-587DC887F14C}
		{E5F1CD93-B323-30D6-9A8C-1149E5BBFF20} = {E5F1CD93-B323-30D6-9A8C-1149E5BBFF20}
		{4F788E60-A642-3409-8B5B-B65F2124E233} = {4F788E60-A642-3409-8B5B-B65F2124E233}
		{B2682B39-6B86-3F1C-8C3B-F6CE1C3101F5} = {B2682B39-6B86-3F1C-8C3B-F6CE1C3101F5}
	EndProjectSection
EndProject
Project("{8BC9CEB8-8B4A-11D0-8D11-00A0C91BC942}") = "reg_average", "reg-apps\reg_average.vcxproj", "{8FF8E6F2-92F1-3D22-A063-EB604353378A}"
	ProjectSection(ProjectDependencies) = postProject
		{292A78CA-42AA-3434-8A09-D277EDB6D7FF} = {292A78CA-42AA-3434-8A09-D277EDB6D7FF}
		{2F6BAD73-82D3-3FAC-BBA8-B8EB163D6166} = {2F6BAD73-82D3-3FAC-BBA8-B8EB163D6166}
		{89C5AFBD-7B86-3C4F-A1E4-4C7EAD36E446} = {89C5AFBD-7B86-3C4F-A1E4-4C7EAD36E446}
		{E4A17C06-0FB2-36A9-9A02-B54ED96BEB53} = {E4A17C06-0FB2-36A9-9A02-B54ED96BEB53}
		{B6F346E6-36B4-3DAB-B177-FB2F23DBFF1F} = {B6F346E6-36B4-3DAB-B177-FB2F23DBFF1F}
		{5A0A9014-408A-338D-801D-57230894C9C4} = {5A0A9014-408A-338D-801D-57230894C9C4}
		{643330A0-679D-3A56-A351-310D882E627F} = {643330A0-679D-3A56-A351-310D882E627F}
		{42209069-870F-3F6D-A074-587DC887F14C} = {42209069-870F-3F6D-A074-587DC887F14C}
		{E5F1CD93-B323-30D6-9A8C-1149E5BBFF20} = {E5F1CD93-B323-30D6-9A8C-1149E5BBFF20}
		{4F788E60-A642-3409-8B5B-B65F2124E233} = {4F788E60-A642-3409-8B5B-B65F2124E233}
		{B2682B39-6B86-3F1C-8C3B-F6CE1C3101F5} = {B2682B39-6B86-3F1C-8C3B-F6CE1C3101F5}
	EndProjectSection
EndProject
Project("{8BC9CEB8-8B4A-11D0-8D11-00A0C91BC942}") = "reg_f3d", "reg-apps\reg_f3d.vcxproj", "{6DE74F4A-62FC-3A77-9309-DEF35D107B2F}"
	ProjectSection(ProjectDependencies) = postProject
		{292A78CA-42AA-3434-8A09-D277EDB6D7FF} = {292A78CA-42AA-3434-8A09-D277EDB6D7FF}
		{2F6BAD73-82D3-3FAC-BBA8-B8EB163D6166} = {2F6BAD73-82D3-3FAC-BBA8-B8EB163D6166}
		{838AAC08-A38E-3DE2-9F21-3E1213DBC523} = {838AAC08-A38E-3DE2-9F21-3E1213DBC523}
		{89C5AFBD-7B86-3C4F-A1E4-4C7EAD36E446} = {89C5AFBD-7B86-3C4F-A1E4-4C7EAD36E446}
		{E4A17C06-0FB2-36A9-9A02-B54ED96BEB53} = {E4A17C06-0FB2-36A9-9A02-B54ED96BEB53}
		{B6F346E6-36B4-3DAB-B177-FB2F23DBFF1F} = {B6F346E6-36B4-3DAB-B177-FB2F23DBFF1F}
		{BDD20FBE-843A-322D-B16E-8CAD2D0ED3FF} = {BDD20FBE-843A-322D-B16E-8CAD2D0ED3FF}
		{5A0A9014-408A-338D-801D-57230894C9C4} = {5A0A9014-408A-338D-801D-57230894C9C4}
		{643330A0-679D-3A56-A351-310D882E627F} = {643330A0-679D-3A56-A351-310D882E627F}
		{42209069-870F-3F6D-A074-587DC887F14C} = {42209069-870F-3F6D-A074-587DC887F14C}
		{E5F1CD93-B323-30D6-9A8C-1149E5BBFF20} = {E5F1CD93-B323-30D6-9A8C-1149E5BBFF20}
		{4F788E60-A642-3409-8B5B-B65F2124E233} = {4F788E60-A642-3409-8B5B-B65F2124E233}
		{B2682B39-6B86-3F1C-8C3B-F6CE1C3101F5} = {B2682B39-6B86-3F1C-8C3B-F6CE1C3101F5}
	EndProjectSection
EndProject
Project("{8BC9CEB8-8B4A-11D0-8D11-00A0C91BC942}") = "reg_gpuinfo", "reg-apps\reg_gpuinfo.vcxproj", "{F1746AE3-53ED-363D-A1D9-E0AA1687C653}"
	ProjectSection(ProjectDependencies) = postProject
		{292A78CA-42AA-3434-8A09-D277EDB6D7FF} = {292A78CA-42AA-3434-8A09-D277EDB6D7FF}
		{9ACE7441-CAF4-3999-B13C-D62A30197CE3} = {9ACE7441-CAF4-3999-B13C-D62A30197CE3}
		{F87462D6-4A77-3C0E-A43D-18C6AC447608} = {F87462D6-4A77-3C0E-A43D-18C6AC447608}
	EndProjectSection
EndProject
Project("{8BC9CEB8-8B4A-11D0-8D11-00A0C91BC942}") = "reg_jacobian", "reg-apps\reg_jacobian.vcxproj", "{C64CA830-7524-34BC-8A6D-AFCBCF2E2993}"
	ProjectSection(ProjectDependencies) = postProject
		{292A78CA-42AA-3434-8A09-D277EDB6D7FF} = {292A78CA-42AA-3434-8A09-D277EDB6D7FF}
		{2F6BAD73-82D3-3FAC-BBA8-B8EB163D6166} = {2F6BAD73-82D3-3FAC-BBA8-B8EB163D6166}
		{89C5AFBD-7B86-3C4F-A1E4-4C7EAD36E446} = {89C5AFBD-7B86-3C4F-A1E4-4C7EAD36E446}
		{E4A17C06-0FB2-36A9-9A02-B54ED96BEB53} = {E4A17C06-0FB2-36A9-9A02-B54ED96BEB53}
		{B6F346E6-36B4-3DAB-B177-FB2F23DBFF1F} = {B6F346E6-36B4-3DAB-B177-FB2F23DBFF1F}
		{5A0A9014-408A-338D-801D-57230894C9C4} = {5A0A9014-408A-338D-801D-57230894C9C4}
		{643330A0-679D-3A56-A351-310D882E627F} = {643330A0-679D-3A56-A351-310D882E627F}
		{42209069-870F-3F6D-A074-587DC887F14C} = {42209069-870F-3F6D-A074-587DC887F14C}
		{E5F1CD93-B323-30D6-9A8C-1149E5BBFF20} = {E5F1CD93-B323-30D6-9A8C-1149E5BBFF20}
		{4F788E60-A642-3409-8B5B-B65F2124E233} = {4F788E60-A642-3409-8B5B-B65F2124E233}
		{B2682B39-6B86-3F1C-8C3B-F6CE1C3101F5} = {B2682B39-6B86-3F1C-8C3B-F6CE1C3101F5}
	EndProjectSection
EndProject
Project("{8BC9CEB8-8B4A-11D0-8D11-00A0C91BC942}") = "reg_measure", "reg-apps\reg_measure.vcxproj", "{99B9F47B-7DE5-3E1C-A368-7FE0A04E5599}"
	ProjectSection(ProjectDependencies) = postProject
		{292A78CA-42AA-3434-8A09-D277EDB6D7FF} = {292A78CA-42AA-3434-8A09-D277EDB6D7FF}
		{2F6BAD73-82D3-3FAC-BBA8-B8EB163D6166} = {2F6BAD73-82D3-3FAC-BBA8-B8EB163D6166}
		{89C5AFBD-7B86-3C4F-A1E4-4C7EAD36E446} = {89C5AFBD-7B86-3C4F-A1E4-4C7EAD36E446}
		{B6F346E6-36B4-3DAB-B177-FB2F23DBFF1F} = {B6F346E6-36B4-3DAB-B177-FB2F23DBFF1F}
		{BDD20FBE-843A-322D-B16E-8CAD2D0ED3FF} = {BDD20FBE-843A-322D-B16E-8CAD2D0ED3FF}
		{5A0A9014-408A-338D-801D-57230894C9C4} = {5A0A9014-408A-338D-801D-57230894C9C4}
		{643330A0-679D-3A56-A351-310D882E627F} = {643330A0-679D-3A56-A351-310D882E627F}
		{42209069-870F-3F6D-A074-587DC887F14C} = {42209069-870F-3F6D-A074-587DC887F14C}
		{E5F1CD93-B323-30D6-9A8C-1149E5BBFF20} = {E5F1CD93-B323-30D6-9A8C-1149E5BBFF20}
		{4F788E60-A642-3409-8B5B-B65F2124E233} = {4F788E60-A642-3409-8B5B-B65F2124E233}
		{B2682B39-6B86-3F1C-8C3B-F6CE1C3101F5} = {B2682B39-6B86-3F1C-8C3B-F6CE1C3101F5}
	EndProjectSection
EndProject
Project("{8BC9CEB8-8B4A-11D0-8D11-00A0C91BC942}") = "reg_nifti", "reg-io\nifti\reg_nifti.vcxproj", "{E5F1CD93-B323-30D6-9A8C-1149E5BBFF20}"
	ProjectSection(ProjectDependencies) = postProject
		{292A78CA-42AA-3434-8A09-D277EDB6D7FF} = {292A78CA-42AA-3434-8A09-D277EDB6D7FF}
		{B2682B39-6B86-3F1C-8C3B-F6CE1C3101F5} = {B2682B39-6B86-3F1C-8C3B-F6CE1C3101F5}
	EndProjectSection
EndProject
Project("{8BC9CEB8-8B4A-11D0-8D11-00A0C91BC942}") = "reg_png", "reg-io\png\reg_png.vcxproj", "{4F788E60-A642-3409-8B5B-B65F2124E233}"
	ProjectSection(ProjectDependencies) = postProject
		{292A78CA-42AA-3434-8A09-D277EDB6D7FF} = {292A78CA-42AA-3434-8A09-D277EDB6D7FF}
		{B6F346E6-36B4-3DAB-B177-FB2F23DBFF1F} = {B6F346E6-36B4-3DAB-B177-FB2F23DBFF1F}
		{643330A0-679D-3A56-A351-310D882E627F} = {643330A0-679D-3A56-A351-310D882E627F}
		{42209069-870F-3F6D-A074-587DC887F14C} = {42209069-870F-3F6D-A074-587DC887F14C}
		{E5F1CD93-B323-30D6-9A8C-1149E5BBFF20} = {E5F1CD93-B323-30D6-9A8C-1149E5BBFF20}
		{B2682B39-6B86-3F1C-8C3B-F6CE1C3101F5} = {B2682B39-6B86-3F1C-8C3B-F6CE1C3101F5}
	EndProjectSection
EndProject
Project("{8BC9CEB8-8B4A-11D0-8D11-00A0C91BC942}") = "reg_resample", "reg-apps\reg_resample.vcxproj", "{8E8CC613-D978-30FD-B642-8D1113A47217}"
	ProjectSection(ProjectDependencies) = postProject
		{292A78CA-42AA-3434-8A09-D277EDB6D7FF} = {292A78CA-42AA-3434-8A09-D277EDB6D7FF}
		{2F6BAD73-82D3-3FAC-BBA8-B8EB163D6166} = {2F6BAD73-82D3-3FAC-BBA8-B8EB163D6166}
		{89C5AFBD-7B86-3C4F-A1E4-4C7EAD36E446} = {89C5AFBD-7B86-3C4F-A1E4-4C7EAD36E446}
		{E4A17C06-0FB2-36A9-9A02-B54ED96BEB53} = {E4A17C06-0FB2-36A9-9A02-B54ED96BEB53}
		{B6F346E6-36B4-3DAB-B177-FB2F23DBFF1F} = {B6F346E6-36B4-3DAB-B177-FB2F23DBFF1F}
		{5A0A9014-408A-338D-801D-57230894C9C4} = {5A0A9014-408A-338D-801D-57230894C9C4}
		{643330A0-679D-3A56-A351-310D882E627F} = {643330A0-679D-3A56-A351-310D882E627F}
		{42209069-870F-3F6D-A074-587DC887F14C} = {42209069-870F-3F6D-A074-587DC887F14C}
		{E5F1CD93-B323-30D6-9A8C-1149E5BBFF20} = {E5F1CD93-B323-30D6-9A8C-1149E5BBFF20}
		{4F788E60-A642-3409-8B5B-B65F2124E233} = {4F788E60-A642-3409-8B5B-B65F2124E233}
		{B2682B39-6B86-3F1C-8C3B-F6CE1C3101F5} = {B2682B39-6B86-3F1C-8C3B-F6CE1C3101F5}
	EndProjectSection
EndProject
Project("{8BC9CEB8-8B4A-11D0-8D11-00A0C91BC942}") = "reg_tools", "reg-apps\reg_tools.vcxproj", "{D5B6AE9E-2911-3C12-B31E-4D0A30492575}"
	ProjectSection(ProjectDependencies) = postProject
		{292A78CA-42AA-3434-8A09-D277EDB6D7FF} = {292A78CA-42AA-3434-8A09-D277EDB6D7FF}
		{2F6BAD73-82D3-3FAC-BBA8-B8EB163D6166} = {2F6BAD73-82D3-3FAC-BBA8-B8EB163D6166}
		{A2C1EEB8-1AD9-3F27-BE72-0AB9FD345D85} = {A2C1EEB8-1AD9-3F27-BE72-0AB9FD345D85}
		{89C5AFBD-7B86-3C4F-A1E4-4C7EAD36E446} = {89C5AFBD-7B86-3C4F-A1E4-4C7EAD36E446}
		{B6F346E6-36B4-3DAB-B177-FB2F23DBFF1F} = {B6F346E6-36B4-3DAB-B177-FB2F23DBFF1F}
		{BDD20FBE-843A-322D-B16E-8CAD2D0ED3FF} = {BDD20FBE-843A-322D-B16E-8CAD2D0ED3FF}
		{5A0A9014-408A-338D-801D-57230894C9C4} = {5A0A9014-408A-338D-801D-57230894C9C4}
		{643330A0-679D-3A56-A351-310D882E627F} = {643330A0-679D-3A56-A351-310D882E627F}
		{42209069-870F-3F6D-A074-587DC887F14C} = {42209069-870F-3F6D-A074-587DC887F14C}
		{E5F1CD93-B323-30D6-9A8C-1149E5BBFF20} = {E5F1CD93-B323-30D6-9A8C-1149E5BBFF20}
		{4F788E60-A642-3409-8B5B-B65F2124E233} = {4F788E60-A642-3409-8B5B-B65F2124E233}
		{B2682B39-6B86-3F1C-8C3B-F6CE1C3101F5} = {B2682B39-6B86-3F1C-8C3B-F6CE1C3101F5}
	EndProjectSection
EndProject
Project("{8BC9CEB8-8B4A-11D0-8D11-00A0C91BC942}") = "reg_transform", "reg-apps\reg_transform.vcxproj", "{09E60516-72BB-3BDB-8060-B124A5764E42}"
	ProjectSection(ProjectDependencies) = postProject
		{292A78CA-42AA-3434-8A09-D277EDB6D7FF} = {292A78CA-42AA-3434-8A09-D277EDB6D7FF}
		{2F6BAD73-82D3-3FAC-BBA8-B8EB163D6166} = {2F6BAD73-82D3-3FAC-BBA8-B8EB163D6166}
		{89C5AFBD-7B86-3C4F-A1E4-4C7EAD36E446} = {89C5AFBD-7B86-3C4F-A1E4-4C7EAD36E446}
		{E4A17C06-0FB2-36A9-9A02-B54ED96BEB53} = {E4A17C06-0FB2-36A9-9A02-B54ED96BEB53}
		{B6F346E6-36B4-3DAB-B177-FB2F23DBFF1F} = {B6F346E6-36B4-3DAB-B177-FB2F23DBFF1F}
		{5A0A9014-408A-338D-801D-57230894C9C4} = {5A0A9014-408A-338D-801D-57230894C9C4}
		{643330A0-679D-3A56-A351-310D882E627F} = {643330A0-679D-3A56-A351-310D882E627F}
		{42209069-870F-3F6D-A074-587DC887F14C} = {42209069-870F-3F6D-A074-587DC887F14C}
		{E5F1CD93-B323-30D6-9A8C-1149E5BBFF20} = {E5F1CD93-B323-30D6-9A8C-1149E5BBFF20}
		{4F788E60-A642-3409-8B5B-B65F2124E233} = {4F788E60-A642-3409-8B5B-B65F2124E233}
		{B2682B39-6B86-3F1C-8C3B-F6CE1C3101F5} = {B2682B39-6B86-3F1C-8C3B-F6CE1C3101F5}
	EndProjectSection
EndProject
Project("{8BC9CEB8-8B4A-11D0-8D11-00A0C91BC942}") = "z", "reg-io\zlib\z.vcxproj", "{B2682B39-6B86-3F1C-8C3B-F6CE1C3101F5}"
	ProjectSection(ProjectDependencies) = postProject
		{292A78CA-42AA-3434-8A09-D277EDB6D7FF} = {292A78CA-42AA-3434-8A09-D277EDB6D7FF}
	EndProjectSection
EndProject
Global
	GlobalSection(SolutionConfigurationPlatforms) = preSolution
		Debug|x64 = Debug|x64
		Release|x64 = Release|x64
		MinSizeRel|x64 = MinSizeRel|x64
		RelWithDebInfo|x64 = RelWithDebInfo|x64
	EndGlobalSection
	GlobalSection(ProjectConfigurationPlatforms) = postSolution
		{4B7F202A-6697-3759-AF71-9622938FADB3}.Debug|x64.ActiveCfg = Debug|x64
		{4B7F202A-6697-3759-AF71-9622938FADB3}.Debug|x64.Build.0 = Debug|x64
		{4B7F202A-6697-3759-AF71-9622938FADB3}.Release|x64.ActiveCfg = Release|x64
		{4B7F202A-6697-3759-AF71-9622938FADB3}.Release|x64.Build.0 = Release|x64
		{4B7F202A-6697-3759-AF71-9622938FADB3}.MinSizeRel|x64.ActiveCfg = MinSizeRel|x64
		{4B7F202A-6697-3759-AF71-9622938FADB3}.MinSizeRel|x64.Build.0 = MinSizeRel|x64
		{4B7F202A-6697-3759-AF71-9622938FADB3}.RelWithDebInfo|x64.ActiveCfg = RelWithDebInfo|x64
		{4B7F202A-6697-3759-AF71-9622938FADB3}.RelWithDebInfo|x64.Build.0 = RelWithDebInfo|x64
		{BB92D337-7BC2-38BD-8A8C-CC9D04812E55}.Debug|x64.ActiveCfg = Debug|x64
		{BB92D337-7BC2-38BD-8A8C-CC9D04812E55}.Release|x64.ActiveCfg = Release|x64
		{BB92D337-7BC2-38BD-8A8C-CC9D04812E55}.MinSizeRel|x64.ActiveCfg = MinSizeRel|x64
		{BB92D337-7BC2-38BD-8A8C-CC9D04812E55}.RelWithDebInfo|x64.ActiveCfg = RelWithDebInfo|x64
		{292A78CA-42AA-3434-8A09-D277EDB6D7FF}.Debug|x64.ActiveCfg = Debug|x64
		{292A78CA-42AA-3434-8A09-D277EDB6D7FF}.Debug|x64.Build.0 = Debug|x64
		{292A78CA-42AA-3434-8A09-D277EDB6D7FF}.Release|x64.ActiveCfg = Release|x64
		{292A78CA-42AA-3434-8A09-D277EDB6D7FF}.Release|x64.Build.0 = Release|x64
		{292A78CA-42AA-3434-8A09-D277EDB6D7FF}.MinSizeRel|x64.ActiveCfg = MinSizeRel|x64
		{292A78CA-42AA-3434-8A09-D277EDB6D7FF}.MinSizeRel|x64.Build.0 = MinSizeRel|x64
		{292A78CA-42AA-3434-8A09-D277EDB6D7FF}.RelWithDebInfo|x64.ActiveCfg = RelWithDebInfo|x64
		{292A78CA-42AA-3434-8A09-D277EDB6D7FF}.RelWithDebInfo|x64.Build.0 = RelWithDebInfo|x64
		{2F6BAD73-82D3-3FAC-BBA8-B8EB163D6166}.Debug|x64.ActiveCfg = Debug|x64
		{2F6BAD73-82D3-3FAC-BBA8-B8EB163D6166}.Debug|x64.Build.0 = Debug|x64
		{2F6BAD73-82D3-3FAC-BBA8-B8EB163D6166}.Release|x64.ActiveCfg = Release|x64
		{2F6BAD73-82D3-3FAC-BBA8-B8EB163D6166}.Release|x64.Build.0 = Release|x64
		{2F6BAD73-82D3-3FAC-BBA8-B8EB163D6166}.MinSizeRel|x64.ActiveCfg = MinSizeRel|x64
		{2F6BAD73-82D3-3FAC-BBA8-B8EB163D6166}.MinSizeRel|x64.Build.0 = MinSizeRel|x64
		{2F6BAD73-82D3-3FAC-BBA8-B8EB163D6166}.RelWithDebInfo|x64.ActiveCfg = RelWithDebInfo|x64
		{2F6BAD73-82D3-3FAC-BBA8-B8EB163D6166}.RelWithDebInfo|x64.Build.0 = RelWithDebInfo|x64
		{9B296324-4516-3696-B361-10E601AEFDB5}.Debug|x64.ActiveCfg = Debug|x64
		{9B296324-4516-3696-B361-10E601AEFDB5}.Debug|x64.Build.0 = Debug|x64
		{9B296324-4516-3696-B361-10E601AEFDB5}.Release|x64.ActiveCfg = Release|x64
		{9B296324-4516-3696-B361-10E601AEFDB5}.Release|x64.Build.0 = Release|x64
		{9B296324-4516-3696-B361-10E601AEFDB5}.MinSizeRel|x64.ActiveCfg = MinSizeRel|x64
		{9B296324-4516-3696-B361-10E601AEFDB5}.MinSizeRel|x64.Build.0 = MinSizeRel|x64
		{9B296324-4516-3696-B361-10E601AEFDB5}.RelWithDebInfo|x64.ActiveCfg = RelWithDebInfo|x64
		{9B296324-4516-3696-B361-10E601AEFDB5}.RelWithDebInfo|x64.Build.0 = RelWithDebInfo|x64
		{A2C1EEB8-1AD9-3F27-BE72-0AB9FD345D85}.Debug|x64.ActiveCfg = Debug|x64
		{A2C1EEB8-1AD9-3F27-BE72-0AB9FD345D85}.Debug|x64.Build.0 = Debug|x64
		{A2C1EEB8-1AD9-3F27-BE72-0AB9FD345D85}.Release|x64.ActiveCfg = Release|x64
		{A2C1EEB8-1AD9-3F27-BE72-0AB9FD345D85}.Release|x64.Build.0 = Release|x64
		{A2C1EEB8-1AD9-3F27-BE72-0AB9FD345D85}.MinSizeRel|x64.ActiveCfg = MinSizeRel|x64
		{A2C1EEB8-1AD9-3F27-BE72-0AB9FD345D85}.MinSizeRel|x64.Build.0 = MinSizeRel|x64
		{A2C1EEB8-1AD9-3F27-BE72-0AB9FD345D85}.RelWithDebInfo|x64.ActiveCfg = RelWithDebInfo|x64
		{A2C1EEB8-1AD9-3F27-BE72-0AB9FD345D85}.RelWithDebInfo|x64.Build.0 = RelWithDebInfo|x64
		{9ACE7441-CAF4-3999-B13C-D62A30197CE3}.Debug|x64.ActiveCfg = Debug|x64
		{9ACE7441-CAF4-3999-B13C-D62A30197CE3}.Debug|x64.Build.0 = Debug|x64
		{9ACE7441-CAF4-3999-B13C-D62A30197CE3}.Release|x64.ActiveCfg = Release|x64
		{9ACE7441-CAF4-3999-B13C-D62A30197CE3}.Release|x64.Build.0 = Release|x64
		{9ACE7441-CAF4-3999-B13C-D62A30197CE3}.MinSizeRel|x64.ActiveCfg = MinSizeRel|x64
		{9ACE7441-CAF4-3999-B13C-D62A30197CE3}.MinSizeRel|x64.Build.0 = MinSizeRel|x64
		{9ACE7441-CAF4-3999-B13C-D62A30197CE3}.RelWithDebInfo|x64.ActiveCfg = RelWithDebInfo|x64
		{9ACE7441-CAF4-3999-B13C-D62A30197CE3}.RelWithDebInfo|x64.Build.0 = RelWithDebInfo|x64
		{52E8077D-EE76-3B2F-918B-741DFA9C887C}.Debug|x64.ActiveCfg = Debug|x64
		{52E8077D-EE76-3B2F-918B-741DFA9C887C}.Debug|x64.Build.0 = Debug|x64
		{52E8077D-EE76-3B2F-918B-741DFA9C887C}.Release|x64.ActiveCfg = Release|x64
		{52E8077D-EE76-3B2F-918B-741DFA9C887C}.Release|x64.Build.0 = Release|x64
		{52E8077D-EE76-3B2F-918B-741DFA9C887C}.MinSizeRel|x64.ActiveCfg = MinSizeRel|x64
		{52E8077D-EE76-3B2F-918B-741DFA9C887C}.MinSizeRel|x64.Build.0 = MinSizeRel|x64
		{52E8077D-EE76-3B2F-918B-741DFA9C887C}.RelWithDebInfo|x64.ActiveCfg = RelWithDebInfo|x64
		{52E8077D-EE76-3B2F-918B-741DFA9C887C}.RelWithDebInfo|x64.Build.0 = RelWithDebInfo|x64
		{F87462D6-4A77-3C0E-A43D-18C6AC447608}.Debug|x64.ActiveCfg = Debug|x64
		{F87462D6-4A77-3C0E-A43D-18C6AC447608}.Debug|x64.Build.0 = Debug|x64
		{F87462D6-4A77-3C0E-A43D-18C6AC447608}.Release|x64.ActiveCfg = Release|x64
		{F87462D6-4A77-3C0E-A43D-18C6AC447608}.Release|x64.Build.0 = Release|x64
		{F87462D6-4A77-3C0E-A43D-18C6AC447608}.MinSizeRel|x64.ActiveCfg = MinSizeRel|x64
		{F87462D6-4A77-3C0E-A43D-18C6AC447608}.MinSizeRel|x64.Build.0 = MinSizeRel|x64
		{F87462D6-4A77-3C0E-A43D-18C6AC447608}.RelWithDebInfo|x64.ActiveCfg = RelWithDebInfo|x64
		{F87462D6-4A77-3C0E-A43D-18C6AC447608}.RelWithDebInfo|x64.Build.0 = RelWithDebInfo|x64
		{838AAC08-A38E-3DE2-9F21-3E1213DBC523}.Debug|x64.ActiveCfg = Debug|x64
		{838AAC08-A38E-3DE2-9F21-3E1213DBC523}.Debug|x64.Build.0 = Debug|x64
		{838AAC08-A38E-3DE2-9F21-3E1213DBC523}.Release|x64.ActiveCfg = Release|x64
		{838AAC08-A38E-3DE2-9F21-3E1213DBC523}.Release|x64.Build.0 = Release|x64
		{838AAC08-A38E-3DE2-9F21-3E1213DBC523}.MinSizeRel|x64.ActiveCfg = MinSizeRel|x64
		{838AAC08-A38E-3DE2-9F21-3E1213DBC523}.MinSizeRel|x64.Build.0 = MinSizeRel|x64
		{838AAC08-A38E-3DE2-9F21-3E1213DBC523}.RelWithDebInfo|x64.ActiveCfg = RelWithDebInfo|x64
		{838AAC08-A38E-3DE2-9F21-3E1213DBC523}.RelWithDebInfo|x64.Build.0 = RelWithDebInfo|x64
		{E59838C9-4441-34E2-B3C3-BD8DF11C6FF5}.Debug|x64.ActiveCfg = Debug|x64
		{E59838C9-4441-34E2-B3C3-BD8DF11C6FF5}.Debug|x64.Build.0 = Debug|x64
		{E59838C9-4441-34E2-B3C3-BD8DF11C6FF5}.Release|x64.ActiveCfg = Release|x64
		{E59838C9-4441-34E2-B3C3-BD8DF11C6FF5}.Release|x64.Build.0 = Release|x64
		{E59838C9-4441-34E2-B3C3-BD8DF11C6FF5}.MinSizeRel|x64.ActiveCfg = MinSizeRel|x64
		{E59838C9-4441-34E2-B3C3-BD8DF11C6FF5}.MinSizeRel|x64.Build.0 = MinSizeRel|x64
		{E59838C9-4441-34E2-B3C3-BD8DF11C6FF5}.RelWithDebInfo|x64.ActiveCfg = RelWithDebInfo|x64
		{E59838C9-4441-34E2-B3C3-BD8DF11C6FF5}.RelWithDebInfo|x64.Build.0 = RelWithDebInfo|x64
		{89C5AFBD-7B86-3C4F-A1E4-4C7EAD36E446}.Debug|x64.ActiveCfg = Debug|x64
		{89C5AFBD-7B86-3C4F-A1E4-4C7EAD36E446}.Debug|x64.Build.0 = Debug|x64
		{89C5AFBD-7B86-3C4F-A1E4-4C7EAD36E446}.Release|x64.ActiveCfg = Release|x64
		{89C5AFBD-7B86-3C4F-A1E4-4C7EAD36E446}.Release|x64.Build.0 = Release|x64
		{89C5AFBD-7B86-3C4F-A1E4-4C7EAD36E446}.MinSizeRel|x64.ActiveCfg = MinSizeRel|x64
		{89C5AFBD-7B86-3C4F-A1E4-4C7EAD36E446}.MinSizeRel|x64.Build.0 = MinSizeRel|x64
		{89C5AFBD-7B86-3C4F-A1E4-4C7EAD36E446}.RelWithDebInfo|x64.ActiveCfg = RelWithDebInfo|x64
		{89C5AFBD-7B86-3C4F-A1E4-4C7EAD36E446}.RelWithDebInfo|x64.Build.0 = RelWithDebInfo|x64
		{E4A17C06-0FB2-36A9-9A02-B54ED96BEB53}.Debug|x64.ActiveCfg = Debug|x64
		{E4A17C06-0FB2-36A9-9A02-B54ED96BEB53}.Debug|x64.Build.0 = Debug|x64
		{E4A17C06-0FB2-36A9-9A02-B54ED96BEB53}.Release|x64.ActiveCfg = Release|x64
		{E4A17C06-0FB2-36A9-9A02-B54ED96BEB53}.Release|x64.Build.0 = Release|x64
		{E4A17C06-0FB2-36A9-9A02-B54ED96BEB53}.MinSizeRel|x64.ActiveCfg = MinSizeRel|x64
		{E4A17C06-0FB2-36A9-9A02-B54ED96BEB53}.MinSizeRel|x64.Build.0 = MinSizeRel|x64
		{E4A17C06-0FB2-36A9-9A02-B54ED96BEB53}.RelWithDebInfo|x64.ActiveCfg = RelWithDebInfo|x64
		{E4A17C06-0FB2-36A9-9A02-B54ED96BEB53}.RelWithDebInfo|x64.Build.0 = RelWithDebInfo|x64
		{B6F346E6-36B4-3DAB-B177-FB2F23DBFF1F}.Debug|x64.ActiveCfg = Debug|x64
		{B6F346E6-36B4-3DAB-B177-FB2F23DBFF1F}.Debug|x64.Build.0 = Debug|x64
		{B6F346E6-36B4-3DAB-B177-FB2F23DBFF1F}.Release|x64.ActiveCfg = Release|x64
		{B6F346E6-36B4-3DAB-B177-FB2F23DBFF1F}.Release|x64.Build.0 = Release|x64
		{B6F346E6-36B4-3DAB-B177-FB2F23DBFF1F}.MinSizeRel|x64.ActiveCfg = MinSizeRel|x64
		{B6F346E6-36B4-3DAB-B177-FB2F23DBFF1F}.MinSizeRel|x64.Build.0 = MinSizeRel|x64
		{B6F346E6-36B4-3DAB-B177-FB2F23DBFF1F}.RelWithDebInfo|x64.ActiveCfg = RelWithDebInfo|x64
		{B6F346E6-36B4-3DAB-B177-FB2F23DBFF1F}.RelWithDebInfo|x64.Build.0 = RelWithDebInfo|x64
		{BDD20FBE-843A-322D-B16E-8CAD2D0ED3FF}.Debug|x64.ActiveCfg = Debug|x64
		{BDD20FBE-843A-322D-B16E-8CAD2D0ED3FF}.Debug|x64.Build.0 = Debug|x64
		{BDD20FBE-843A-322D-B16E-8CAD2D0ED3FF}.Release|x64.ActiveCfg = Release|x64
		{BDD20FBE-843A-322D-B16E-8CAD2D0ED3FF}.Release|x64.Build.0 = Release|x64
		{BDD20FBE-843A-322D-B16E-8CAD2D0ED3FF}.MinSizeRel|x64.ActiveCfg = MinSizeRel|x64
		{BDD20FBE-843A-322D-B16E-8CAD2D0ED3FF}.MinSizeRel|x64.Build.0 = MinSizeRel|x64
		{BDD20FBE-843A-322D-B16E-8CAD2D0ED3FF}.RelWithDebInfo|x64.ActiveCfg = RelWithDebInfo|x64
		{BDD20FBE-843A-322D-B16E-8CAD2D0ED3FF}.RelWithDebInfo|x64.Build.0 = RelWithDebInfo|x64
		{5A0A9014-408A-338D-801D-57230894C9C4}.Debug|x64.ActiveCfg = Debug|x64
		{5A0A9014-408A-338D-801D-57230894C9C4}.Debug|x64.Build.0 = Debug|x64
		{5A0A9014-408A-338D-801D-57230894C9C4}.Release|x64.ActiveCfg = Release|x64
		{5A0A9014-408A-338D-801D-57230894C9C4}.Release|x64.Build.0 = Release|x64
		{5A0A9014-408A-338D-801D-57230894C9C4}.MinSizeRel|x64.ActiveCfg = MinSizeRel|x64
		{5A0A9014-408A-338D-801D-57230894C9C4}.MinSizeRel|x64.Build.0 = MinSizeRel|x64
		{5A0A9014-408A-338D-801D-57230894C9C4}.RelWithDebInfo|x64.ActiveCfg = RelWithDebInfo|x64
		{5A0A9014-408A-338D-801D-57230894C9C4}.RelWithDebInfo|x64.Build.0 = RelWithDebInfo|x64
		{643330A0-679D-3A56-A351-310D882E627F}.Debug|x64.ActiveCfg = Debug|x64
		{643330A0-679D-3A56-A351-310D882E627F}.Debug|x64.Build.0 = Debug|x64
		{643330A0-679D-3A56-A351-310D882E627F}.Release|x64.ActiveCfg = Release|x64
		{643330A0-679D-3A56-A351-310D882E627F}.Release|x64.Build.0 = Release|x64
		{643330A0-679D-3A56-A351-310D882E627F}.MinSizeRel|x64.ActiveCfg = MinSizeRel|x64
		{643330A0-679D-3A56-A351-310D882E627F}.MinSizeRel|x64.Build.0 = MinSizeRel|x64
		{643330A0-679D-3A56-A351-310D882E627F}.RelWithDebInfo|x64.ActiveCfg = RelWithDebInfo|x64
		{643330A0-679D-3A56-A351-310D882E627F}.RelWithDebInfo|x64.Build.0 = RelWithDebInfo|x64
		{42209069-870F-3F6D-A074-587DC887F14C}.Debug|x64.ActiveCfg = Debug|x64
		{42209069-870F-3F6D-A074-587DC887F14C}.Debug|x64.Build.0 = Debug|x64
		{42209069-870F-3F6D-A074-587DC887F14C}.Release|x64.ActiveCfg = Release|x64
		{42209069-870F-3F6D-A074-587DC887F14C}.Release|x64.Build.0 = Release|x64
		{42209069-870F-3F6D-A074-587DC887F14C}.MinSizeRel|x64.ActiveCfg = MinSizeRel|x64
		{42209069-870F-3F6D-A074-587DC887F14C}.MinSizeRel|x64.Build.0 = MinSizeRel|x64
		{42209069-870F-3F6D-A074-587DC887F14C}.RelWithDebInfo|x64.ActiveCfg = RelWithDebInfo|x64
		{42209069-870F-3F6D-A074-587DC887F14C}.RelWithDebInfo|x64.Build.0 = RelWithDebInfo|x64
		{917035E0-7B78-303E-A93E-E5412E823E75}.Debug|x64.ActiveCfg = Debug|x64
		{917035E0-7B78-303E-A93E-E5412E823E75}.Debug|x64.Build.0 = Debug|x64
		{917035E0-7B78-303E-A93E-E5412E823E75}.Release|x64.ActiveCfg = Release|x64
		{917035E0-7B78-303E-A93E-E5412E823E75}.Release|x64.Build.0 = Release|x64
		{917035E0-7B78-303E-A93E-E5412E823E75}.MinSizeRel|x64.ActiveCfg = MinSizeRel|x64
		{917035E0-7B78-303E-A93E-E5412E823E75}.MinSizeRel|x64.Build.0 = MinSizeRel|x64
		{917035E0-7B78-303E-A93E-E5412E823E75}.RelWithDebInfo|x64.ActiveCfg = RelWithDebInfo|x64
		{917035E0-7B78-303E-A93E-E5412E823E75}.RelWithDebInfo|x64.Build.0 = RelWithDebInfo|x64
		{8FF8E6F2-92F1-3D22-A063-EB604353378A}.Debug|x64.ActiveCfg = Debug|x64
		{8FF8E6F2-92F1-3D22-A063-EB604353378A}.Debug|x64.Build.0 = Debug|x64
		{8FF8E6F2-92F1-3D22-A063-EB604353378A}.Release|x64.ActiveCfg = Release|x64
		{8FF8E6F2-92F1-3D22-A063-EB604353378A}.Release|x64.Build.0 = Release|x64
		{8FF8E6F2-92F1-3D22-A063-EB604353378A}.MinSizeRel|x64.ActiveCfg = MinSizeRel|x64
		{8FF8E6F2-92F1-3D22-A063-EB604353378A}.MinSizeRel|x64.Build.0 = MinSizeRel|x64
		{8FF8E6F2-92F1-3D22-A063-EB604353378A}.RelWithDebInfo|x64.ActiveCfg = RelWithDebInfo|x64
		{8FF8E6F2-92F1-3D22-A063-EB604353378A}.RelWithDebInfo|x64.Build.0 = RelWithDebInfo|x64
		{6DE74F4A-62FC-3A77-9309-DEF35D107B2F}.Debug|x64.ActiveCfg = Debug|x64
		{6DE74F4A-62FC-3A77-9309-DEF35D107B2F}.Debug|x64.Build.0 = Debug|x64
		{6DE74F4A-62FC-3A77-9309-DEF35D107B2F}.Release|x64.ActiveCfg = Release|x64
		{6DE74F4A-62FC-3A77-9309-DEF35D107B2F}.Release|x64.Build.0 = Release|x64
		{6DE74F4A-62FC-3A77-9309-DEF35D107B2F}.MinSizeRel|x64.ActiveCfg = MinSizeRel|x64
		{6DE74F4A-62FC-3A77-9309-DEF35D107B2F}.MinSizeRel|x64.Build.0 = MinSizeRel|x64
		{6DE74F4A-62FC-3A77-9309-DEF35D107B2F}.RelWithDebInfo|x64.ActiveCfg = RelWithDebInfo|x64
		{6DE74F4A-62FC-3A77-9309-DEF35D107B2F}.RelWithDebInfo|x64.Build.0 = RelWithDebInfo|x64
		{F1746AE3-53ED-363D-A1D9-E0AA1687C653}.Debug|x64.ActiveCfg = Debug|x64
		{F1746AE3-53ED-363D-A1D9-E0AA1687C653}.Debug|x64.Build.0 = Debug|x64
		{F1746AE3-53ED-363D-A1D9-E0AA1687C653}.Release|x64.ActiveCfg = Release|x64
		{F1746AE3-53ED-363D-A1D9-E0AA1687C653}.Release|x64.Build.0 = Release|x64
		{F1746AE3-53ED-363D-A1D9-E0AA1687C653}.MinSizeRel|x64.ActiveCfg = MinSizeRel|x64
		{F1746AE3-53ED-363D-A1D9-E0AA1687C653}.MinSizeRel|x64.Build.0 = MinSizeRel|x64
		{F1746AE3-53ED-363D-A1D9-E0AA1687C653}.RelWithDebInfo|x64.ActiveCfg = RelWithDebInfo|x64
		{F1746AE3-53ED-363D-A1D9-E0AA1687C653}.RelWithDebInfo|x64.Build.0 = RelWithDebInfo|x64
		{C64CA830-7524-34BC-8A6D-AFCBCF2E2993}.Debug|x64.ActiveCfg = Debug|x64
		{C64CA830-7524-34BC-8A6D-AFCBCF2E2993}.Debug|x64.Build.0 = Debug|x64
		{C64CA830-7524-34BC-8A6D-AFCBCF2E2993}.Release|x64.ActiveCfg = Release|x64
		{C64CA830-7524-34BC-8A6D-AFCBCF2E2993}.Release|x64.Build.0 = Release|x64
		{C64CA830-7524-34BC-8A6D-AFCBCF2E2993}.MinSizeRel|x64.ActiveCfg = MinSizeRel|x64
		{C64CA830-7524-34BC-8A6D-AFCBCF2E2993}.MinSizeRel|x64.Build.0 = MinSizeRel|x64
		{C64CA830-7524-34BC-8A6D-AFCBCF2E2993}.RelWithDebInfo|x64.ActiveCfg = RelWithDebInfo|x64
		{C64CA830-7524-34BC-8A6D-AFCBCF2E2993}.RelWithDebInfo|x64.Build.0 = RelWithDebInfo|x64
		{99B9F47B-7DE5-3E1C-A368-7FE0A04E5599}.Debug|x64.ActiveCfg = Debug|x64
		{99B9F47B-7DE5-3E1C-A368-7FE0A04E5599}.Debug|x64.Build.0 = Debug|x64
		{99B9F47B-7DE5-3E1C-A368-7FE0A04E5599}.Release|x64.ActiveCfg = Release|x64
		{99B9F47B-7DE5-3E1C-A368-7FE0A04E5599}.Release|x64.Build.0 = Release|x64
		{99B9F47B-7DE5-3E1C-A368-7FE0A04E5599}.MinSizeRel|x64.ActiveCfg = MinSizeRel|x64
		{99B9F47B-7DE5-3E1C-A368-7FE0A04E5599}.MinSizeRel|x64.Build.0 = MinSizeRel|x64
		{99B9F47B-7DE5-3E1C-A368-7FE0A04E5599}.RelWithDebInfo|x64.ActiveCfg = RelWithDebInfo|x64
		{99B9F47B-7DE5-3E1C-A368-7FE0A04E5599}.RelWithDebInfo|x64.Build.0 = RelWithDebInfo|x64
		{E5F1CD93-B323-30D6-9A8C-1149E5BBFF20}.Debug|x64.ActiveCfg = Debug|x64
		{E5F1CD93-B323-30D6-9A8C-1149E5BBFF20}.Debug|x64.Build.0 = Debug|x64
		{E5F1CD93-B323-30D6-9A8C-1149E5BBFF20}.Release|x64.ActiveCfg = Release|x64
		{E5F1CD93-B323-30D6-9A8C-1149E5BBFF20}.Release|x64.Build.0 = Release|x64
		{E5F1CD93-B323-30D6-9A8C-1149E5BBFF20}.MinSizeRel|x64.ActiveCfg = MinSizeRel|x64
		{E5F1CD93-B323-30D6-9A8C-1149E5BBFF20}.MinSizeRel|x64.Build.0 = MinSizeRel|x64
		{E5F1CD93-B323-30D6-9A8C-1149E5BBFF20}.RelWithDebInfo|x64.ActiveCfg = RelWithDebInfo|x64
		{E5F1CD93-B323-30D6-9A8C-1149E5BBFF20}.RelWithDebInfo|x64.Build.0 = RelWithDebInfo|x64
		{4F788E60-A642-3409-8B5B-B65F2124E233}.Debug|x64.ActiveCfg = Debug|x64
		{4F788E60-A642-3409-8B5B-B65F2124E233}.Debug|x64.Build.0 = Debug|x64
		{4F788E60-A642-3409-8B5B-B65F2124E233}.Release|x64.ActiveCfg = Release|x64
		{4F788E60-A642-3409-8B5B-B65F2124E233}.Release|x64.Build.0 = Release|x64
		{4F788E60-A642-3409-8B5B-B65F2124E233}.MinSizeRel|x64.ActiveCfg = MinSizeRel|x64
		{4F788E60-A642-3409-8B5B-B65F2124E233}.MinSizeRel|x64.Build.0 = MinSizeRel|x64
		{4F788E60-A642-3409-8B5B-B65F2124E233}.RelWithDebInfo|x64.ActiveCfg = RelWithDebInfo|x64
		{4F788E60-A642-3409-8B5B-B65F2124E233}.RelWithDebInfo|x64.Build.0 = RelWithDebInfo|x64
		{8E8CC613-D978-30FD-B642-8D1113A47217}.Debug|x64.ActiveCfg = Debug|x64
		{8E8CC613-D978-30FD-B642-8D1113A47217}.Debug|x64.Build.0 = Debug|x64
		{8E8CC613-D978-30FD-B642-8D1113A47217}.Release|x64.ActiveCfg = Release|x64
		{8E8CC613-D978-30FD-B642-8D1113A47217}.Release|x64.Build.0 = Release|x64
		{8E8CC613-D978-30FD-B642-8D1113A47217}.MinSizeRel|x64.ActiveCfg = MinSizeRel|x64
		{8E8CC613-D978-30FD-B642-8D1113A47217}.MinSizeRel|x64.Build.0 = MinSizeRel|x64
		{8E8CC613-D978-30FD-B642-8D1113A47217}.RelWithDebInfo|x64.ActiveCfg = RelWithDebInfo|x64
		{8E8CC613-D978-30FD-B642-8D1113A47217}.RelWithDebInfo|x64.Build.0 = RelWithDebInfo|x64
		{D5B6AE9E-2911-3C12-B31E-4D0A30492575}.Debug|x64.ActiveCfg = Debug|x64
		{D5B6AE9E-2911-3C12-B31E-4D0A30492575}.Debug|x64.Build.0 = Debug|x64
		{D5B6AE9E-2911-3C12-B31E-4D0A30492575}.Release|x64.ActiveCfg = Release|x64
		{D5B6AE9E-2911-3C12-B31E-4D0A30492575}.Release|x64.Build.0 = Release|x64
		{D5B6AE9E-2911-3C12-B31E-4D0A30492575}.MinSizeRel|x64.ActiveCfg = MinSizeRel|x64
		{D5B6AE9E-2911-3C12-B31E-4D0A30492575}.MinSizeRel|x64.Build.0 = MinSizeRel|x64
		{D5B6AE9E-2911-3C12-B31E-4D0A30492575}.RelWithDebInfo|x64.ActiveCfg = RelWithDebInfo|x64
		{D5B6AE9E-2911-3C12-B31E-4D0A30492575}.RelWithDebInfo|x64.Build.0 = RelWithDebInfo|x64
		{09E60516-72BB-3BDB-8060-B124A5764E42}.Debug|x64.ActiveCfg = Debug|x64
		{09E60516-72BB-3BDB-8060-B124A5764E42}.Debug|x64.Build.0 = Debug|x64
		{09E60516-72BB-3BDB-8060-B124A5764E42}.Release|x64.ActiveCfg = Release|x64
		{09E60516-72BB-3BDB-8060-B124A5764E42}.Release|x64.Build.0 = Release|x64
		{09E60516-72BB-3BDB-8060-B124A5764E42}.MinSizeRel|x64.ActiveCfg = MinSizeRel|x64
		{09E60516-72BB-3BDB-8060-B124A5764E42}.MinSizeRel|x64.Build.0 = MinSizeRel|x64
		{09E60516-72BB-3BDB-8060-B124A5764E42}.RelWithDebInfo|x64.ActiveCfg = RelWithDebInfo|x64
		{09E60516-72BB-3BDB-8060-B124A5764E42}.RelWithDebInfo|x64.Build.0 = RelWithDebInfo|x64
		{B2682B39-6B86-3F1C-8C3B-F6CE1C3101F5}.Debug|x64.ActiveCfg = Debug|x64
		{B2682B39-6B86-3F1C-8C3B-F6CE1C3101F5}.Debug|x64.Build.0 = Debug|x64
		{B2682B39-6B86-3F1C-8C3B-F6CE1C3101F5}.Release|x64.ActiveCfg = Release|x64
		{B2682B39-6B86-3F1C-8C3B-F6CE1C3101F5}.Release|x64.Build.0 = Release|x64
		{B2682B39-6B86-3F1C-8C3B-F6CE1C3101F5}.MinSizeRel|x64.ActiveCfg = MinSizeRel|x64
		{B2682B39-6B86-3F1C-8C3B-F6CE1C3101F5}.MinSizeRel|x64.Build.0 = MinSizeRel|x64
		{B2682B39-6B86-3F1C-8C3B-F6CE1C3101F5}.RelWithDebInfo|x64.ActiveCfg = RelWithDebInfo|x64
		{B2682B39-6B86-3F1C-8C3B-F6CE1C3101F5}.RelWithDebInfo|x64.Build.0 = RelWithDebInfo|x64
	EndGlobalSection
	GlobalSection(ExtensibilityGlobals) = postSolution
		SolutionGuid = {00458613-E8F6-31AE-A6B8-E696DB01A83A}
	EndGlobalSection
	GlobalSection(ExtensibilityAddIns) = postSolution
	EndGlobalSection
EndGlobal
